
Microsoft Visual Studio Solution File, Format Version 12.00
# Visual Studio Version 17
VisualStudioVersion = 17.11.35219.272
MinimumVisualStudioVersion = 10.0.40219.1
Project("{FAE04EC0-301F-11D3-BF4B-00C04F79EFBC}") = "PropertyRentalManagement", "PropertyRentalManagement\PropertyRentalManagement.csproj", "{8847EF79-FFAD-4A0B-9778-22E8C24E5B39}"
EndProject
Global
	GlobalSection(SolutionConfigurationPlatforms) = preSolution
		Debug|Any CPU = Debug|Any CPU
		Release|Any CPU = Release|Any CPU
	EndGlobalSection
	GlobalSection(ProjectConfigurationPlatforms) = postSolution
		{8847EF79-FFAD-4A0B-9778-22E8C24E5B39}.Debug|Any CPU.ActiveCfg = Debug|Any CPU
		{8847EF79-FFAD-4A0B-9778-22E8C24E5B39}.Debug|Any CPU.Build.0 = Debug|Any CPU
		{8847EF79-FFAD-4A0B-9778-22E8C24E5B39}.Release|Any CPU.ActiveCfg = Release|Any CPU
		{8847EF79-FFAD-4A0B-9778-22E8C24E5B39}.Release|Any CPU.Build.0 = Release|Any CPU
	EndGlobalSection
	GlobalSection(SolutionProperties) = preSolution
		HideSolutionNode = FALSE
	EndGlobalSection
	GlobalSection(ExtensibilityGlobals) = postSolution
		SolutionGuid = {5BE4C1EB-97F0-4777-847F-0E45D9406F61}
	EndGlobalSection
EndGlobal
